// !$*UTF8*$!
{
	archiveVersion = 1;
	classes = {
	};
	objectVersion = 46;
	objects = {

/* Begin PBXBuildFile section */
		B5F109041D7CDC7D00D2AC5E /* AppDelegate.swift in Sources */ = {isa = PBXBuildFile; fileRef = B5F109031D7CDC7D00D2AC5E /* AppDelegate.swift */; };
		B5F109061D7CDC7D00D2AC5E /* ViewController.swift in Sources */ = {isa = PBXBuildFile; fileRef = B5F109051D7CDC7D00D2AC5E /* ViewController.swift */; };
		B5F109091D7CDC7D00D2AC5E /* Main.storyboard in Resources */ = {isa = PBXBuildFile; fileRef = B5F109071D7CDC7D00D2AC5E /* Main.storyboard */; };
		B5F1090B1D7CDC7D00D2AC5E /* Assets.xcassets in Resources */ = {isa = PBXBuildFile; fileRef = B5F1090A1D7CDC7D00D2AC5E /* Assets.xcassets */; };
		B5F1090E1D7CDC7D00D2AC5E /* LaunchScreen.storyboard in Resources */ = {isa = PBXBuildFile; fileRef = B5F1090C1D7CDC7D00D2AC5E /* LaunchScreen.storyboard */; };
		B5F109191D7CDC7D00D2AC5E /* FirstDemoTests.swift in Sources */ = {isa = PBXBuildFile; fileRef = B5F109181D7CDC7D00D2AC5E /* FirstDemoTests.swift */; };
/* End PBXBuildFile section */

/* Begin PBXContainerItemProxy section */
		B5F109151D7CDC7D00D2AC5E /* PBXContainerItemProxy */ = {
			isa = PBXContainerItemProxy;
			containerPortal = B5F108F81D7CDC7D00D2AC5E /* Project object */;
			proxyType = 1;
			remoteGlobalIDString = B5F108FF1D7CDC7D00D2AC5E;
			remoteInfo = FirstDemo;
		};
/* End PBXContainerItemProxy section */

/* Begin PBXFileReference section */
		B5F109001D7CDC7D00D2AC5E /* FirstDemo.app */ = {isa = PBXFileReference; explicitFileType = wrapper.application; includeInIndex = 0; path = FirstDemo.app; sourceTree = BUILT_PRODUCTS_DIR; };
		B5F109031D7CDC7D00D2AC5E /* AppDelegate.swift */ = {isa = PBXFileReference; lastKnownFileType = sourcecode.swift; path = AppDelegate.swift; sourceTree = "<group>"; };
		B5F109051D7CDC7D00D2AC5E /* ViewController.swift */ = {isa = PBXFileReference; lastKnownFileType = sourcecode.swift; path = ViewController.swift; sourceTree = "<group>"; };
		B5F109081D7CDC7D00D2AC5E /* Base */ = {isa = PBXFileReference; lastKnownFileType = file.storyboard; name = Base; path = Base.lproj/Main.storyboard; sourceTree = "<group>"; };
		B5F1090A1D7CDC7D00D2AC5E /* Assets.xcassets */ = {isa = PBXFileReference; lastKnownFileType = folder.assetcatalog; path = Assets.xcassets; sourceTree = "<group>"; };
		B5F1090D1D7CDC7D00D2AC5E /* Base */ = {isa = PBXFileReference; lastKnownFileType = file.storyboard; name = Base; path = Base.lproj/LaunchScreen.storyboard; sourceTree = "<group>"; };
		B5F1090F1D7CDC7D00D2AC5E /* Info.plist */ = {isa = PBXFileReference; lastKnownFileType = text.plist.xml; path = Info.plist; sourceTree = "<group>"; };
		B5F109141D7CDC7D00D2AC5E /* FirstDemoTests.xctest */ = {isa = PBXFileReference; explicitFileType = wrapper.cfbundle; includeInIndex = 0; path = FirstDemoTests.xctest; sourceTree = BUILT_PRODUCTS_DIR; };
		B5F109181D7CDC7D00D2AC5E /* FirstDemoTests.swift */ = {isa = PBXFileReference; lastKnownFileType = sourcecode.swift; path = FirstDemoTests.swift; sourceTree = "<group>"; };
		B5F1091A1D7CDC7D00D2AC5E /* Info.plist */ = {isa = PBXFileReference; lastKnownFileType = text.plist.xml; path = Info.plist; sourceTree = "<group>"; };
/* End PBXFileReference section */

/* Begin PBXFrameworksBuildPhase section */
		B5F108FD1D7CDC7D00D2AC5E /* Frameworks */ = {
			isa = PBXFrameworksBuildPhase;
			buildActionMask = 2147483647;
			files = (
			);
			runOnlyForDeploymentPostprocessing = 0;
		};
		B5F109111D7CDC7D00D2AC5E /* Frameworks */ = {
			isa = PBXFrameworksBuildPhase;
			buildActionMask = 2147483647;
			files = (
			);
			runOnlyForDeploymentPostprocessing = 0;
		};
/* End PBXFrameworksBuildPhase section */

/* Begin PBXGroup section */
		B5F108F71D7CDC7D00D2AC5E = {
			isa = PBXGroup;
			children = (
				B5F109021D7CDC7D00D2AC5E /* FirstDemo */,
				B5F109171D7CDC7D00D2AC5E /* FirstDemoTests */,
				B5F109011D7CDC7D00D2AC5E /* Products */,
			);
			sourceTree = "<group>";
		};
		B5F109011D7CDC7D00D2AC5E /* Products */ = {
			isa = PBXGroup;
			children = (
				B5F109001D7CDC7D00D2AC5E /* FirstDemo.app */,
				B5F109141D7CDC7D00D2AC5E /* FirstDemoTests.xctest */,
			);
			name = Products;
			sourceTree = "<group>";
		};
		B5F109021D7CDC7D00D2AC5E /* FirstDemo */ = {
			isa = PBXGroup;
			children = (
				B5F109031D7CDC7D00D2AC5E /* AppDelegate.swift */,
				B5F109051D7CDC7D00D2AC5E /* ViewController.swift */,
				B5F109071D7CDC7D00D2AC5E /* Main.storyboard */,
				B5F1090A1D7CDC7D00D2AC5E /* Assets.xcassets */,
				B5F1090C1D7CDC7D00D2AC5E /* LaunchScreen.storyboard */,
				B5F1090F1D7CDC7D00D2AC5E /* Info.plist */,
			);
			path = FirstDemo;
			sourceTree = "<group>";
		};
		B5F109171D7CDC7D00D2AC5E /* FirstDemoTests */ = {
			isa = PBXGroup;
			children = (
				B5F109181D7CDC7D00D2AC5E /* FirstDemoTests.swift */,
				B5F1091A1D7CDC7D00D2AC5E /* Info.plist */,
			);
			path = FirstDemoTests;
			sourceTree = "<group>";
		};
/* End PBXGroup section */

/* Begin PBXNativeTarget section */
		B5F108FF1D7CDC7D00D2AC5E /* FirstDemo */ = {
			isa = PBXNativeTarget;
			buildConfigurationList = B5F1091D1D7CDC7D00D2AC5E /* Build configuration list for PBXNativeTarget "FirstDemo" */;
			buildPhases = (
				B5F108FC1D7CDC7D00D2AC5E /* Sources */,
				B5F108FD1D7CDC7D00D2AC5E /* Frameworks */,
				B5F108FE1D7CDC7D00D2AC5E /* Resources */,
			);
			buildRules = (
			);
			dependencies = (
			);
			name = FirstDemo;
			productName = FirstDemo;
			productReference = B5F109001D7CDC7D00D2AC5E /* FirstDemo.app */;
			productType = "com.apple.product-type.application";
		};
		B5F109131D7CDC7D00D2AC5E /* FirstDemoTests */ = {
			isa = PBXNativeTarget;
			buildConfigurationList = B5F109201D7CDC7D00D2AC5E /* Build configuration list for PBXNativeTarget "FirstDemoTests" */;
			buildPhases = (
				B5F109101D7CDC7D00D2AC5E /* Sources */,
				B5F109111D7CDC7D00D2AC5E /* Frameworks */,
				B5F109121D7CDC7D00D2AC5E /* Resources */,
			);
			buildRules = (
			);
			dependencies = (
				B5F109161D7CDC7D00D2AC5E /* PBXTargetDependency */,
			);
			name = FirstDemoTests;
			productName = FirstDemoTests;
			productReference = B5F109141D7CDC7D00D2AC5E /* FirstDemoTests.xctest */;
			productType = "com.apple.product-type.bundle.unit-test";
		};
/* End PBXNativeTarget section */

/* Begin PBXProject section */
		B5F108F81D7CDC7D00D2AC5E /* Project object */ = {
			isa = PBXProject;
			attributes = {
				LastSwiftUpdateCheck = 0730;
				LastUpgradeCheck = 0730;
				ORGANIZATIONNAME = "Thomas M Zeng";
				TargetAttributes = {
					B5F108FF1D7CDC7D00D2AC5E = {
						CreatedOnToolsVersion = 7.3.1;
						LastSwiftMigration = 0800;
					};
					B5F109131D7CDC7D00D2AC5E = {
						CreatedOnToolsVersion = 7.3.1;
						LastSwiftMigration = 0800;
						TestTargetID = B5F108FF1D7CDC7D00D2AC5E;
					};
				};
			};
			buildConfigurationList = B5F108FB1D7CDC7D00D2AC5E /* Build configuration list for PBXProject "FirstDemo" */;
			compatibilityVersion = "Xcode 3.2";
			developmentRegion = English;
			hasScannedForEncodings = 0;
			knownRegions = (
				en,
				Base,
			);
			mainGroup = B5F108F71D7CDC7D00D2AC5E;
			productRefGroup = B5F109011D7CDC7D00D2AC5E /* Products */;
			projectDirPath = "";
			projectRoot = "";
			targets = (
				B5F108FF1D7CDC7D00D2AC5E /* FirstDemo */,
				B5F109131D7CDC7D00D2AC5E /* FirstDemoTests */,
			);
		};
/* End PBXProject section */

/* Begin PBXResourcesBuildPhase section */
		B5F108FE1D7CDC7D00D2AC5E /* Resources */ = {
			isa = PBXResourcesBuildPhase;
			buildActionMask = 2147483647;
			files = (
				B5F1090E1D7CDC7D00D2AC5E /* LaunchScreen.storyboard in Resources */,
				B5F1090B1D7CDC7D00D2AC5E /* Assets.xcassets in Resources */,
				B5F109091D7CDC7D00D2AC5E /* Main.storyboard in Resources */,
			);
			runOnlyForDeploymentPostprocessing = 0;
		};
		B5F109121D7CDC7D00D2AC5E /* Resources */ = {
			isa = PBXResourcesBuildPhase;
			buildActionMask = 2147483647;
			files = (
			);
			runOnlyForDeploymentPostprocessing = 0;
		};
/* End PBXResourcesBuildPhase section */

/* Begin PBXSourcesBuildPhase section */
		B5F108FC1D7CDC7D00D2AC5E /* Sources */ = {
			isa = PBXSourcesBuildPhase;
			buildActionMask = 2147483647;
			files = (
				B5F109061D7CDC7D00D2AC5E /* ViewController.swift in Sources */,
				B5F109041D7CDC7D00D2AC5E /* AppDelegate.swift in Sources */,
			);
			runOnlyForDeploymentPostprocessing = 0;
		};
		B5F109101D7CDC7D00D2AC5E /* Sources */ = {
			isa = PBXSourcesBuildPhase;
			buildActionMask = 2147483647;
			files = (
				B5F109191D7CDC7D00D2AC5E /* FirstDemoTests.swift in Sources */,
			);
			runOnlyForDeploymentPostprocessing = 0;
		};
/* End PBXSourcesBuildPhase section */

/* Begin PBXTargetDependency section */
		B5F109161D7CDC7D00D2AC5E /* PBXTargetDependency */ = {
			isa = PBXTargetDependency;
			target = B5F108FF1D7CDC7D00D2AC5E /* FirstDemo */;
			targetProxy = B5F109151D7CDC7D00D2AC5E /* PBXContainerItemProxy */;
		};
/* End PBXTargetDependency section */

/* Begin PBXVariantGroup section */
		B5F109071D7CDC7D00D2AC5E /* Main.storyboard */ = {
			isa = PBXVariantGroup;
			children = (
				B5F109081D7CDC7D00D2AC5E /* Base */,
			);
			name = Main.storyboard;
			sourceTree = "<group>";
		};
		B5F1090C1D7CDC7D00D2AC5E /* LaunchScreen.storyboard */ = {
			isa = PBXVariantGroup;
			children = (
				B5F1090D1D7CDC7D00D2AC5E /* Base */,
			);
			name = LaunchScreen.storyboard;
			sourceTree = "<group>";
		};
/* End PBXVariantGroup section */

/* Begin XCBuildConfiguration section */
		B5F1091B1D7CDC7D00D2AC5E /* Debug */ = {
			isa = XCBuildConfiguration;
			buildSettings = {
				ALWAYS_SEARCH_USER_PATHS = NO;
				CLANG_ANALYZER_NONNULL = YES;
				CLANG_CXX_LANGUAGE_STANDARD = "gnu++0x";
				CLANG_CXX_LIBRARY = "libc++";
				CLANG_ENABLE_MODULES = YES;
				CLANG_ENABLE_OBJC_ARC = YES;
				CLANG_WARN_BOOL_CONVERSION = YES;
				CLANG_WARN_CONSTANT_CONVERSION = YES;
				CLANG_WARN_DIRECT_OBJC_ISA_USAGE = YES_ERROR;
				CLANG_WARN_EMPTY_BODY = YES;
				CLANG_WARN_ENUM_CONVERSION = YES;
				CLANG_WARN_INT_CONVERSION = YES;
				CLANG_WARN_OBJC_ROOT_CLASS = YES_ERROR;
				CLANG_WARN_UNREACHABLE_CODE = YES;
				CLANG_WARN__DUPLICATE_METHOD_MATCH = YES;
				"CODE_SIGN_IDENTITY[sdk=iphoneos*]" = "iPhone Developer";
				COPY_PHASE_STRIP = NO;
				DEBUG_INFORMATION_FORMAT = dwarf;
				ENABLE_STRICT_OBJC_MSGSEND = YES;
				ENABLE_TESTABILITY = YES;
				GCC_C_LANGUAGE_STANDARD = gnu99;
				GCC_DYNAMIC_NO_PIC = NO;
				GCC_NO_COMMON_BLOCKS = YES;
				GCC_OPTIMIZATION_LEVEL = 0;
				GCC_PREPROCESSOR_DEFINITIONS = (
					"DEBUG=1",
					"$(inherited)",
				);
				GCC_WARN_64_TO_32_BIT_CONVERSION = YES;
				GCC_WARN_ABOUT_RETURN_TYPE = YES_ERROR;
				GCC_WARN_UNDECLARED_SELECTOR = YES;
				GCC_WARN_UNINITIALIZED_AUTOS = YES_AGGRESSIVE;
				GCC_WARN_UNUSED_FUNCTION = YES;
				GCC_WARN_UNUSED_VARIABLE = YES;
				IPHONEOS_DEPLOYMENT_TARGET = 9.3;
				MTL_ENABLE_DEBUG_INFO = YES;
				ONLY_ACTIVE_ARCH = YES;
				SDKROOT = iphoneos;
				SWIFT_OPTIMIZATION_LEVEL = "-Onone";
			};
			name = Debug;
		};
		B5F1091C1D7CDC7D00D2AC5E /* Release */ = {
			isa = XCBuildConfiguration;
			buildSettings = {
				ALWAYS_SEARCH_USER_PATHS = NO;
				CLANG_ANALYZER_NONNULL = YES;
				CLANG_CXX_LANGUAGE_STANDARD = "gnu++0x";
				CLANG_CXX_LIBRARY = "libc++";
				CLANG_ENABLE_MODULES = YES;
				CLANG_ENABLE_OBJC_ARC = YES;
				CLANG_WARN_BOOL_CONVERSION = YES;
				CLANG_WARN_CONSTANT_CONVERSION = YES;
				CLANG_WARN_DIRECT_OBJC_ISA_USAGE = YES_ERROR;
				CLANG_WARN_EMPTY_BODY = YES;
				CLANG_WARN_ENUM_CONVERSION = YES;
				CLANG_WARN_INT_CONVERSION = YES;
				CLANG_WARN_OBJC_ROOT_CLASS = YES_ERROR;
				CLANG_WARN_UNREACHABLE_CODE = YES;
				CLANG_WARN__DUPLICATE_METHOD_MATCH = YES;
				"CODE_SIGN_IDENTITY[sdk=iphoneos*]" = "iPhone Developer";
				COPY_PHASE_STRIP = NO;
				DEBUG_INFORMATION_FORMAT = "dwarf-with-dsym";
				ENABLE_NS_ASSERTIONS = NO;
				ENABLE_STRICT_OBJC_MSGSEND = YES;
				GCC_C_LANGUAGE_STANDARD = gnu99;
				GCC_NO_COMMON_BLOCKS = YES;
				GCC_WARN_64_TO_32_BIT_CONVERSION = YES;
				GCC_WARN_ABOUT_RETURN_TYPE = YES_ERROR;
				GCC_WARN_UNDECLARED_SELECTOR = YES;
				GCC_WARN_UNINITIALIZED_AUTOS = YES_AGGRESSIVE;
				GCC_WARN_UNUSED_FUNCTION = YES;
				GCC_WARN_UNUSED_VARIABLE = YES;
				IPHONEOS_DEPLOYMENT_TARGET = 9.3;
				MTL_ENABLE_DEBUG_INFO = NO;
				SDKROOT = iphoneos;
				VALIDATE_PRODUCT = YES;
			};
			name = Release;
		};
		B5F1091E1D7CDC7D00D2AC5E /* Debug */ = {
			isa = XCBuildConfiguration;
			buildSettings = {
				ASSETCATALOG_COMPILER_APPICON_NAME = AppIcon;
				INFOPLIST_FILE = FirstDemo/Info.plist;
				LD_RUNPATH_SEARCH_PATHS = "$(inherited) @executable_path/Frameworks";
				PRODUCT_BUNDLE_IDENTIFIER = cyberstar.FirstDemo;
				PRODUCT_NAME = "$(TARGET_NAME)";
				SWIFT_VERSION = 3.0;
			};
			name = Debug;
		};
		B5F1091F1D7CDC7D00D2AC5E /* Release */ = {
			isa = XCBuildConfiguration;
			buildSettings = {
				ASSETCATALOG_COMPILER_APPICON_NAME = AppIcon;
				INFOPLIST_FILE = FirstDemo/Info.plist;
				LD_RUNPATH_SEARCH_PATHS = "$(inherited) @executable_path/Frameworks";
				PRODUCT_BUNDLE_IDENTIFIER = cyberstar.FirstDemo;
				PRODUCT_NAME = "$(TARGET_NAME)";
				SWIFT_VERSION = 3.0;
			};
			name = Release;
		};
		B5F109211D7CDC7D00D2AC5E /* Debug */ = {
			isa = XCBuildConfiguration;
			buildSettings = {
				BUNDLE_LOADER = "$(TEST_HOST)";
				INFOPLIST_FILE = FirstDemoTests/Info.plist;
				LD_RUNPATH_SEARCH_PATHS = "$(inherited) @executable_path/Frameworks @loader_path/Frameworks";
				PRODUCT_BUNDLE_IDENTIFIER = cyberstar.FirstDemoTests;
				PRODUCT_NAME = "$(TARGET_NAME)";
				SWIFT_VERSION = 3.0;
				TEST_HOST = "$(BUILT_PRODUCTS_DIR)/FirstDemo.app/FirstDemo";
			};
			name = Debug;
		};
		B5F109221D7CDC7D00D2AC5E /* Release */ = {
			isa = XCBuildConfiguration;
			buildSettings = {
				BUNDLE_LOADER = "$(TEST_HOST)";
				INFOPLIST_FILE = FirstDemoTests/Info.plist;
				LD_RUNPATH_SEARCH_PATHS = "$(inherited) @executable_path/Frameworks @loader_path/Frameworks";
				PRODUCT_BUNDLE_IDENTIFIER = cyberstar.FirstDemoTests;
				PRODUCT_NAME = "$(TARGET_NAME)";
				SWIFT_VERSION = 3.0;
				TEST_HOST = "$(BUILT_PRODUCTS_DIR)/FirstDemo.app/FirstDemo";
			};
			name = Release;
		};
/* End XCBuildConfiguration section */

/* Begin XCConfigurationList section */
		B5F108FB1D7CDC7D00D2AC5E /* Build configuration list for PBXProject "FirstDemo" */ = {
			isa = XCConfigurationList;
			buildConfigurations = (
				B5F1091B1D7CDC7D00D2AC5E /* Debug */,
				B5F1091C1D7CDC7D00D2AC5E /* Release */,
			);
			defaultConfigurationIsVisible = 0;
			defaultConfigurationName = Release;
		};
		B5F1091D1D7CDC7D00D2AC5E /* Build configuration list for PBXNativeTarget "FirstDemo" */ = {
			isa = XCConfigurationList;
			buildConfigurations = (
				B5F1091E1D7CDC7D00D2AC5E /* Debug */,
				B5F1091F1D7CDC7D00D2AC5E /* Release */,
			);
			defaultConfigurationIsVisible = 0;
			defaultConfigurationName = Release;
		};
		B5F109201D7CDC7D00D2AC5E /* Build configuration list for PBXNativeTarget "FirstDemoTests" */ = {
			isa = XCConfigurationList;
			buildConfigurations = (
				B5F109211D7CDC7D00D2AC5E /* Debug */,
				B5F109221D7CDC7D00D2AC5E /* Release */,
			);
			defaultConfigurationIsVisible = 0;
			defaultConfigurationName = Release;
		};
/* End XCConfigurationList section */
	};
	rootObject = B5F108F81D7CDC7D00D2AC5E /* Project object */;
}
